
Microsoft Visual Studio Solution File, Format Version 12.00
# Visual Studio Version 17
VisualStudioVersion = 17.0.31919.166
MinimumVisualStudioVersion = 10.0.40219.1
Project("{9A19103F-16F7-4668-BE54-9A1E7A4F7556}") = "tetris", "tetris\tetris.csproj", "{B26050EB-0B49-4A21-9859-F033D433BD71}"
EndProject
Project("{FAE04EC0-301F-11D3-BF4B-00C04F79EFBC}") = "SortArr", "SortArr\SortArr.csproj", "{161C866E-913C-4A25-A1BB-0231755DA802}"
EndProject
Global
	GlobalSection(SolutionConfigurationPlatforms) = preSolution
		Debug|Any CPU = Debug|Any CPU
		Release|Any CPU = Release|Any CPU
	EndGlobalSection
	GlobalSection(ProjectConfigurationPlatforms) = postSolution
		{B26050EB-0B49-4A21-9859-F033D433BD71}.Debug|Any CPU.ActiveCfg = Debug|Any CPU
		{B26050EB-0B49-4A21-9859-F033D433BD71}.Debug|Any CPU.Build.0 = Debug|Any CPU
		{B26050EB-0B49-4A21-9859-F033D433BD71}.Release|Any CPU.ActiveCfg = Release|Any CPU
		{B26050EB-0B49-4A21-9859-F033D433BD71}.Release|Any CPU.Build.0 = Release|Any CPU
		{161C866E-913C-4A25-A1BB-0231755DA802}.Debug|Any CPU.ActiveCfg = Debug|Any CPU
		{161C866E-913C-4A25-A1BB-0231755DA802}.Debug|Any CPU.Build.0 = Debug|Any CPU
		{161C866E-913C-4A25-A1BB-0231755DA802}.Release|Any CPU.ActiveCfg = Release|Any CPU
		{161C866E-913C-4A25-A1BB-0231755DA802}.Release|Any CPU.Build.0 = Release|Any CPU
	EndGlobalSection
	GlobalSection(SolutionProperties) = preSolution
		HideSolutionNode = FALSE
	EndGlobalSection
	GlobalSection(ExtensibilityGlobals) = postSolution
		SolutionGuid = {379862B7-76FE-4B64-B03A-1774B9AB89F9}
	EndGlobalSection
EndGlobal
